// !$*UTF8*$!
{
	archiveVersion = 1;
	classes = {
	};
	objectVersion = 55;
	objects = {

/* Begin PBXBuildFile section */
		F5BE3A9628DDE8FE006E94C2 /* AppDelegate.swift in Sources */ = {isa = PBXBuildFile; fileRef = F5BE3A9528DDE8FE006E94C2 /* AppDelegate.swift */; };
		F5BE3A9828DDE8FE006E94C2 /* SceneDelegate.swift in Sources */ = {isa = PBXBuildFile; fileRef = F5BE3A9728DDE8FE006E94C2 /* SceneDelegate.swift */; };
		F5BE3A9A28DDE8FE006E94C2 /* ViewController.swift in Sources */ = {isa = PBXBuildFile; fileRef = F5BE3A9928DDE8FE006E94C2 /* ViewController.swift */; };
		F5BE3A9D28DDE8FE006E94C2 /* Main.storyboard in Resources */ = {isa = PBXBuildFile; fileRef = F5BE3A9B28DDE8FE006E94C2 /* Main.storyboard */; };
		F5BE3A9F28DDE8FF006E94C2 /* Assets.xcassets in Resources */ = {isa = PBXBuildFile; fileRef = F5BE3A9E28DDE8FF006E94C2 /* Assets.xcassets */; };
		F5BE3AA228DDE8FF006E94C2 /* LaunchScreen.storyboard in Resources */ = {isa = PBXBuildFile; fileRef = F5BE3AA028DDE8FF006E94C2 /* LaunchScreen.storyboard */; };
		F5BE3AAD28DDE900006E94C2 /* Task_1Tests.swift in Sources */ = {isa = PBXBuildFile; fileRef = F5BE3AAC28DDE900006E94C2 /* Task_1Tests.swift */; };
		F5BE3AB728DDE900006E94C2 /* Task_1UITests.swift in Sources */ = {isa = PBXBuildFile; fileRef = F5BE3AB628DDE900006E94C2 /* Task_1UITests.swift */; };
		F5BE3AB928DDE900006E94C2 /* Task_1UITestsLaunchTests.swift in Sources */ = {isa = PBXBuildFile; fileRef = F5BE3AB828DDE900006E94C2 /* Task_1UITestsLaunchTests.swift */; };
/* End PBXBuildFile section */

/* Begin PBXContainerItemProxy section */
		F5BE3AA928DDE900006E94C2 /* PBXContainerItemProxy */ = {
			isa = PBXContainerItemProxy;
			containerPortal = F5BE3A8A28DDE8FE006E94C2 /* Project object */;
			proxyType = 1;
			remoteGlobalIDString = F5BE3A9128DDE8FE006E94C2;
			remoteInfo = "Task 1";
		};
		F5BE3AB328DDE900006E94C2 /* PBXContainerItemProxy */ = {
			isa = PBXContainerItemProxy;
			containerPortal = F5BE3A8A28DDE8FE006E94C2 /* Project object */;
			proxyType = 1;
			remoteGlobalIDString = F5BE3A9128DDE8FE006E94C2;
			remoteInfo = "Task 1";
		};
/* End PBXContainerItemProxy section */

/* Begin PBXFileReference section */
		F5BE3A9228DDE8FE006E94C2 /* Task 1.app */ = {isa = PBXFileReference; explicitFileType = wrapper.application; includeInIndex = 0; path = "Task 1.app"; sourceTree = BUILT_PRODUCTS_DIR; };
		F5BE3A9528DDE8FE006E94C2 /* AppDelegate.swift */ = {isa = PBXFileReference; lastKnownFileType = sourcecode.swift; path = AppDelegate.swift; sourceTree = "<group>"; };
		F5BE3A9728DDE8FE006E94C2 /* SceneDelegate.swift */ = {isa = PBXFileReference; lastKnownFileType = sourcecode.swift; path = SceneDelegate.swift; sourceTree = "<group>"; };
		F5BE3A9928DDE8FE006E94C2 /* ViewController.swift */ = {isa = PBXFileReference; lastKnownFileType = sourcecode.swift; path = ViewController.swift; sourceTree = "<group>"; };
		F5BE3A9C28DDE8FE006E94C2 /* Base */ = {isa = PBXFileReference; lastKnownFileType = file.storyboard; name = Base; path = Base.lproj/Main.storyboard; sourceTree = "<group>"; };
		F5BE3A9E28DDE8FF006E94C2 /* Assets.xcassets */ = {isa = PBXFileReference; lastKnownFileType = folder.assetcatalog; path = Assets.xcassets; sourceTree = "<group>"; };
		F5BE3AA128DDE8FF006E94C2 /* Base */ = {isa = PBXFileReference; lastKnownFileType = file.storyboard; name = Base; path = Base.lproj/LaunchScreen.storyboard; sourceTree = "<group>"; };
		F5BE3AA328DDE8FF006E94C2 /* Info.plist */ = {isa = PBXFileReference; lastKnownFileType = text.plist.xml; path = Info.plist; sourceTree = "<group>"; };
		F5BE3AA828DDE900006E94C2 /* Task 1Tests.xctest */ = {isa = PBXFileReference; explicitFileType = wrapper.cfbundle; includeInIndex = 0; path = "Task 1Tests.xctest"; sourceTree = BUILT_PRODUCTS_DIR; };
		F5BE3AAC28DDE900006E94C2 /* Task_1Tests.swift */ = {isa = PBXFileReference; lastKnownFileType = sourcecode.swift; path = Task_1Tests.swift; sourceTree = "<group>"; };
		F5BE3AB228DDE900006E94C2 /* Task 1UITests.xctest */ = {isa = PBXFileReference; explicitFileType = wrapper.cfbundle; includeInIndex = 0; path = "Task 1UITests.xctest"; sourceTree = BUILT_PRODUCTS_DIR; };
		F5BE3AB628DDE900006E94C2 /* Task_1UITests.swift */ = {isa = PBXFileReference; lastKnownFileType = sourcecode.swift; path = Task_1UITests.swift; sourceTree = "<group>"; };
		F5BE3AB828DDE900006E94C2 /* Task_1UITestsLaunchTests.swift */ = {isa = PBXFileReference; lastKnownFileType = sourcecode.swift; path = Task_1UITestsLaunchTests.swift; sourceTree = "<group>"; };
/* End PBXFileReference section */

/* Begin PBXFrameworksBuildPhase section */
		F5BE3A8F28DDE8FE006E94C2 /* Frameworks */ = {
			isa = PBXFrameworksBuildPhase;
			buildActionMask = 2147483647;
			files = (
			);
			runOnlyForDeploymentPostprocessing = 0;
		};
		F5BE3AA528DDE900006E94C2 /* Frameworks */ = {
			isa = PBXFrameworksBuildPhase;
			buildActionMask = 2147483647;
			files = (
			);
			runOnlyForDeploymentPostprocessing = 0;
		};
		F5BE3AAF28DDE900006E94C2 /* Frameworks */ = {
			isa = PBXFrameworksBuildPhase;
			buildActionMask = 2147483647;
			files = (
			);
			runOnlyForDeploymentPostprocessing = 0;
		};
/* End PBXFrameworksBuildPhase section */

/* Begin PBXGroup section */
		F5BE3A8928DDE8FE006E94C2 = {
			isa = PBXGroup;
			children = (
				F5BE3A9428DDE8FE006E94C2 /* Task 1 */,
				F5BE3AAB28DDE900006E94C2 /* Task 1Tests */,
				F5BE3AB528DDE900006E94C2 /* Task 1UITests */,
				F5BE3A9328DDE8FE006E94C2 /* Products */,
			);
			sourceTree = "<group>";
		};
		F5BE3A9328DDE8FE006E94C2 /* Products */ = {
			isa = PBXGroup;
			children = (
				F5BE3A9228DDE8FE006E94C2 /* Task 1.app */,
				F5BE3AA828DDE900006E94C2 /* Task 1Tests.xctest */,
				F5BE3AB228DDE900006E94C2 /* Task 1UITests.xctest */,
			);
			name = Products;
			sourceTree = "<group>";
		};
		F5BE3A9428DDE8FE006E94C2 /* Task 1 */ = {
			isa = PBXGroup;
			children = (
				F5BE3A9528DDE8FE006E94C2 /* AppDelegate.swift */,
				F5BE3A9728DDE8FE006E94C2 /* SceneDelegate.swift */,
				F5BE3A9928DDE8FE006E94C2 /* ViewController.swift */,
				F5BE3A9B28DDE8FE006E94C2 /* Main.storyboard */,
				F5BE3A9E28DDE8FF006E94C2 /* Assets.xcassets */,
				F5BE3AA028DDE8FF006E94C2 /* LaunchScreen.storyboard */,
				F5BE3AA328DDE8FF006E94C2 /* Info.plist */,
			);
			path = "Task 1";
			sourceTree = "<group>";
		};
		F5BE3AAB28DDE900006E94C2 /* Task 1Tests */ = {
			isa = PBXGroup;
			children = (
				F5BE3AAC28DDE900006E94C2 /* Task_1Tests.swift */,
			);
			path = "Task 1Tests";
			sourceTree = "<group>";
		};
		F5BE3AB528DDE900006E94C2 /* Task 1UITests */ = {
			isa = PBXGroup;
			children = (
				F5BE3AB628DDE900006E94C2 /* Task_1UITests.swift */,
				F5BE3AB828DDE900006E94C2 /* Task_1UITestsLaunchTests.swift */,
			);
			path = "Task 1UITests";
			sourceTree = "<group>";
		};
/* End PBXGroup section */

/* Begin PBXNativeTarget section */
		F5BE3A9128DDE8FE006E94C2 /* Task 1 */ = {
			isa = PBXNativeTarget;
			buildConfigurationList = F5BE3ABC28DDE900006E94C2 /* Build configuration list for PBXNativeTarget "Task 1" */;
			buildPhases = (
				F5BE3A8E28DDE8FE006E94C2 /* Sources */,
				F5BE3A8F28DDE8FE006E94C2 /* Frameworks */,
				F5BE3A9028DDE8FE006E94C2 /* Resources */,
			);
			buildRules = (
			);
			dependencies = (
			);
			name = "Task 1";
			productName = "Task 1";
			productReference = F5BE3A9228DDE8FE006E94C2 /* Task 1.app */;
			productType = "com.apple.product-type.application";
		};
		F5BE3AA728DDE900006E94C2 /* Task 1Tests */ = {
			isa = PBXNativeTarget;
			buildConfigurationList = F5BE3ABF28DDE900006E94C2 /* Build configuration list for PBXNativeTarget "Task 1Tests" */;
			buildPhases = (
				F5BE3AA428DDE900006E94C2 /* Sources */,
				F5BE3AA528DDE900006E94C2 /* Frameworks */,
				F5BE3AA628DDE900006E94C2 /* Resources */,
			);
			buildRules = (
			);
			dependencies = (
				F5BE3AAA28DDE900006E94C2 /* PBXTargetDependency */,
			);
			name = "Task 1Tests";
			productName = "Task 1Tests";
			productReference = F5BE3AA828DDE900006E94C2 /* Task 1Tests.xctest */;
			productType = "com.apple.product-type.bundle.unit-test";
		};
		F5BE3AB128DDE900006E94C2 /* Task 1UITests */ = {
			isa = PBXNativeTarget;
			buildConfigurationList = F5BE3AC228DDE900006E94C2 /* Build configuration list for PBXNativeTarget "Task 1UITests" */;
			buildPhases = (
				F5BE3AAE28DDE900006E94C2 /* Sources */,
				F5BE3AAF28DDE900006E94C2 /* Frameworks */,
				F5BE3AB028DDE900006E94C2 /* Resources */,
			);
			buildRules = (
			);
			dependencies = (
				F5BE3AB428DDE900006E94C2 /* PBXTargetDependency */,
			);
			name = "Task 1UITests";
			productName = "Task 1UITests";
			productReference = F5BE3AB228DDE900006E94C2 /* Task 1UITests.xctest */;
			productType = "com.apple.product-type.bundle.ui-testing";
		};
/* End PBXNativeTarget section */

/* Begin PBXProject section */
		F5BE3A8A28DDE8FE006E94C2 /* Project object */ = {
			isa = PBXProject;
			attributes = {
				BuildIndependentTargetsInParallel = 1;
				LastSwiftUpdateCheck = 1340;
				LastUpgradeCheck = 1340;
				TargetAttributes = {
					F5BE3A9128DDE8FE006E94C2 = {
						CreatedOnToolsVersion = 13.4.1;
					};
					F5BE3AA728DDE900006E94C2 = {
						CreatedOnToolsVersion = 13.4.1;
						TestTargetID = F5BE3A9128DDE8FE006E94C2;
					};
					F5BE3AB128DDE900006E94C2 = {
						CreatedOnToolsVersion = 13.4.1;
						TestTargetID = F5BE3A9128DDE8FE006E94C2;
					};
				};
			};
			buildConfigurationList = F5BE3A8D28DDE8FE006E94C2 /* Build configuration list for PBXProject "Task 1" */;
			compatibilityVersion = "Xcode 13.0";
			developmentRegion = en;
			hasScannedForEncodings = 0;
			knownRegions = (
				en,
				Base,
			);
			mainGroup = F5BE3A8928DDE8FE006E94C2;
			productRefGroup = F5BE3A9328DDE8FE006E94C2 /* Products */;
			projectDirPath = "";
			projectRoot = "";
			targets = (
				F5BE3A9128DDE8FE006E94C2 /* Task 1 */,
				F5BE3AA728DDE900006E94C2 /* Task 1Tests */,
				F5BE3AB128DDE900006E94C2 /* Task 1UITests */,
			);
		};
/* End PBXProject section */

/* Begin PBXResourcesBuildPhase section */
		F5BE3A9028DDE8FE006E94C2 /* Resources */ = {
			isa = PBXResourcesBuildPhase;
			buildActionMask = 2147483647;
			files = (
				F5BE3AA228DDE8FF006E94C2 /* LaunchScreen.storyboard in Resources */,
				F5BE3A9F28DDE8FF006E94C2 /* Assets.xcassets in Resources */,
				F5BE3A9D28DDE8FE006E94C2 /* Main.storyboard in Resources */,
			);
			runOnlyForDeploymentPostprocessing = 0;
		};
		F5BE3AA628DDE900006E94C2 /* Resources */ = {
			isa = PBXResourcesBuildPhase;
			buildActionMask = 2147483647;
			files = (
			);
			runOnlyForDeploymentPostprocessing = 0;
		};
		F5BE3AB028DDE900006E94C2 /* Resources */ = {
			isa = PBXResourcesBuildPhase;
			buildActionMask = 2147483647;
			files = (
			);
			runOnlyForDeploymentPostprocessing = 0;
		};
/* End PBXResourcesBuildPhase section */

/* Begin PBXSourcesBuildPhase section */
		F5BE3A8E28DDE8FE006E94C2 /* Sources */ = {
			isa = PBXSourcesBuildPhase;
			buildActionMask = 2147483647;
			files = (
				F5BE3A9A28DDE8FE006E94C2 /* ViewController.swift in Sources */,
				F5BE3A9628DDE8FE006E94C2 /* AppDelegate.swift in Sources */,
				F5BE3A9828DDE8FE006E94C2 /* SceneDelegate.swift in Sources */,
			);
			runOnlyForDeploymentPostprocessing = 0;
		};
		F5BE3AA428DDE900006E94C2 /* Sources */ = {
			isa = PBXSourcesBuildPhase;
			buildActionMask = 2147483647;
			files = (
				F5BE3AAD28DDE900006E94C2 /* Task_1Tests.swift in Sources */,
			);
			runOnlyForDeploymentPostprocessing = 0;
		};
		F5BE3AAE28DDE900006E94C2 /* Sources */ = {
			isa = PBXSourcesBuildPhase;
			buildActionMask = 2147483647;
			files = (
				F5BE3AB728DDE900006E94C2 /* Task_1UITests.swift in Sources */,
				F5BE3AB928DDE900006E94C2 /* Task_1UITestsLaunchTests.swift in Sources */,
			);
			runOnlyForDeploymentPostprocessing = 0;
		};
/* End PBXSourcesBuildPhase section */

/* Begin PBXTargetDependency section */
		F5BE3AAA28DDE900006E94C2 /* PBXTargetDependency */ = {
			isa = PBXTargetDependency;
			target = F5BE3A9128DDE8FE006E94C2 /* Task 1 */;
			targetProxy = F5BE3AA928DDE900006E94C2 /* PBXContainerItemProxy */;
		};
		F5BE3AB428DDE900006E94C2 /* PBXTargetDependency */ = {
			isa = PBXTargetDependency;
			target = F5BE3A9128DDE8FE006E94C2 /* Task 1 */;
			targetProxy = F5BE3AB328DDE900006E94C2 /* PBXContainerItemProxy */;
		};
/* End PBXTargetDependency section */

/* Begin PBXVariantGroup section */
		F5BE3A9B28DDE8FE006E94C2 /* Main.storyboard */ = {
			isa = PBXVariantGroup;
			children = (
				F5BE3A9C28DDE8FE006E94C2 /* Base */,
			);
			name = Main.storyboard;
			sourceTree = "<group>";
		};
		F5BE3AA028DDE8FF006E94C2 /* LaunchScreen.storyboard */ = {
			isa = PBXVariantGroup;
			children = (
				F5BE3AA128DDE8FF006E94C2 /* Base */,
			);
			name = LaunchScreen.storyboard;
			sourceTree = "<group>";
		};
/* End PBXVariantGroup section */

/* Begin XCBuildConfiguration section */
		F5BE3ABA28DDE900006E94C2 /* Debug */ = {
			isa = XCBuildConfiguration;
			buildSettings = {
				ALWAYS_SEARCH_USER_PATHS = NO;
				CLANG_ANALYZER_NONNULL = YES;
				CLANG_ANALYZER_NUMBER_OBJECT_CONVERSION = YES_AGGRESSIVE;
				CLANG_CXX_LANGUAGE_STANDARD = "gnu++17";
				CLANG_ENABLE_MODULES = YES;
				CLANG_ENABLE_OBJC_ARC = YES;
				CLANG_ENABLE_OBJC_WEAK = YES;
				CLANG_WARN_BLOCK_CAPTURE_AUTORELEASING = YES;
				CLANG_WARN_BOOL_CONVERSION = YES;
				CLANG_WARN_COMMA = YES;
				CLANG_WARN_CONSTANT_CONVERSION = YES;
				CLANG_WARN_DEPRECATED_OBJC_IMPLEMENTATIONS = YES;
				CLANG_WARN_DIRECT_OBJC_ISA_USAGE = YES_ERROR;
				CLANG_WARN_DOCUMENTATION_COMMENTS = YES;
				CLANG_WARN_EMPTY_BODY = YES;
				CLANG_WARN_ENUM_CONVERSION = YES;
				CLANG_WARN_INFINITE_RECURSION = YES;
				CLANG_WARN_INT_CONVERSION = YES;
				CLANG_WARN_NON_LITERAL_NULL_CONVERSION = YES;
				CLANG_WARN_OBJC_IMPLICIT_RETAIN_SELF = YES;
				CLANG_WARN_OBJC_LITERAL_CONVERSION = YES;
				CLANG_WARN_OBJC_ROOT_CLASS = YES_ERROR;
				CLANG_WARN_QUOTED_INCLUDE_IN_FRAMEWORK_HEADER = YES;
				CLANG_WARN_RANGE_LOOP_ANALYSIS = YES;
				CLANG_WARN_STRICT_PROTOTYPES = YES;
				CLANG_WARN_SUSPICIOUS_MOVE = YES;
				CLANG_WARN_UNGUARDED_AVAILABILITY = YES_AGGRESSIVE;
				CLANG_WARN_UNREACHABLE_CODE = YES;
				CLANG_WARN__DUPLICATE_METHOD_MATCH = YES;
				COPY_PHASE_STRIP = NO;
				DEBUG_INFORMATION_FORMAT = dwarf;
				ENABLE_STRICT_OBJC_MSGSEND = YES;
				ENABLE_TESTABILITY = YES;
				GCC_C_LANGUAGE_STANDARD = gnu11;
				GCC_DYNAMIC_NO_PIC = NO;
				GCC_NO_COMMON_BLOCKS = YES;
				GCC_OPTIMIZATION_LEVEL = 0;
				GCC_PREPROCESSOR_DEFINITIONS = (
					"DEBUG=1",
					"$(inherited)",
				);
				GCC_WARN_64_TO_32_BIT_CONVERSION = YES;
				GCC_WARN_ABOUT_RETURN_TYPE = YES_ERROR;
				GCC_WARN_UNDECLARED_SELECTOR = YES;
				GCC_WARN_UNINITIALIZED_AUTOS = YES_AGGRESSIVE;
				GCC_WARN_UNUSED_FUNCTION = YES;
				GCC_WARN_UNUSED_VARIABLE = YES;
				IPHONEOS_DEPLOYMENT_TARGET = 15.5;
				MTL_ENABLE_DEBUG_INFO = INCLUDE_SOURCE;
				MTL_FAST_MATH = YES;
				ONLY_ACTIVE_ARCH = YES;
				SDKROOT = iphoneos;
				SWIFT_ACTIVE_COMPILATION_CONDITIONS = DEBUG;
				SWIFT_OPTIMIZATION_LEVEL = "-Onone";
			};
			name = Debug;
		};
		F5BE3ABB28DDE900006E94C2 /* Release */ = {
			isa = XCBuildConfiguration;
			buildSettings = {
				ALWAYS_SEARCH_USER_PATHS = NO;
				CLANG_ANALYZER_NONNULL = YES;
				CLANG_ANALYZER_NUMBER_OBJECT_CONVERSION = YES_AGGRESSIVE;
				CLANG_CXX_LANGUAGE_STANDARD = "gnu++17";
				CLANG_ENABLE_MODULES = YES;
				CLANG_ENABLE_OBJC_ARC = YES;
				CLANG_ENABLE_OBJC_WEAK = YES;
				CLANG_WARN_BLOCK_CAPTURE_AUTORELEASING = YES;
				CLANG_WARN_BOOL_CONVERSION = YES;
				CLANG_WARN_COMMA = YES;
				CLANG_WARN_CONSTANT_CONVERSION = YES;
				CLANG_WARN_DEPRECATED_OBJC_IMPLEMENTATIONS = YES;
				CLANG_WARN_DIRECT_OBJC_ISA_USAGE = YES_ERROR;
				CLANG_WARN_DOCUMENTATION_COMMENTS = YES;
				CLANG_WARN_EMPTY_BODY = YES;
				CLANG_WARN_ENUM_CONVERSION = YES;
				CLANG_WARN_INFINITE_RECURSION = YES;
				CLANG_WARN_INT_CONVERSION = YES;
				CLANG_WARN_NON_LITERAL_NULL_CONVERSION = YES;
				CLANG_WARN_OBJC_IMPLICIT_RETAIN_SELF = YES;
				CLANG_WARN_OBJC_LITERAL_CONVERSION = YES;
				CLANG_WARN_OBJC_ROOT_CLASS = YES_ERROR;
				CLANG_WARN_QUOTED_INCLUDE_IN_FRAMEWORK_HEADER = YES;
				CLANG_WARN_RANGE_LOOP_ANALYSIS = YES;
				CLANG_WARN_STRICT_PROTOTYPES = YES;
				CLANG_WARN_SUSPICIOUS_MOVE = YES;
				CLANG_WARN_UNGUARDED_AVAILABILITY = YES_AGGRESSIVE;
				CLANG_WARN_UNREACHABLE_CODE = YES;
				CLANG_WARN__DUPLICATE_METHOD_MATCH = YES;
				COPY_PHASE_STRIP = NO;
				DEBUG_INFORMATION_FORMAT = "dwarf-with-dsym";
				ENABLE_NS_ASSERTIONS = NO;
				ENABLE_STRICT_OBJC_MSGSEND = YES;
				GCC_C_LANGUAGE_STANDARD = gnu11;
				GCC_NO_COMMON_BLOCKS = YES;
				GCC_WARN_64_TO_32_BIT_CONVERSION = YES;
				GCC_WARN_ABOUT_RETURN_TYPE = YES_ERROR;
				GCC_WARN_UNDECLARED_SELECTOR = YES;
				GCC_WARN_UNINITIALIZED_AUTOS = YES_AGGRESSIVE;
				GCC_WARN_UNUSED_FUNCTION = YES;
				GCC_WARN_UNUSED_VARIABLE = YES;
				IPHONEOS_DEPLOYMENT_TARGET = 15.5;
				MTL_ENABLE_DEBUG_INFO = NO;
				MTL_FAST_MATH = YES;
				SDKROOT = iphoneos;
				SWIFT_COMPILATION_MODE = wholemodule;
				SWIFT_OPTIMIZATION_LEVEL = "-O";
				VALIDATE_PRODUCT = YES;
			};
			name = Release;
		};
		F5BE3ABD28DDE900006E94C2 /* Debug */ = {
			isa = XCBuildConfiguration;
			buildSettings = {
				ASSETCATALOG_COMPILER_APPICON_NAME = AppIcon;
				ASSETCATALOG_COMPILER_GLOBAL_ACCENT_COLOR_NAME = AccentColor;
				CODE_SIGN_STYLE = Automatic;
				CURRENT_PROJECT_VERSION = 1;
				GENERATE_INFOPLIST_FILE = YES;
				INFOPLIST_FILE = "Task 1/Info.plist";
				INFOPLIST_KEY_UIApplicationSupportsIndirectInputEvents = YES;
				INFOPLIST_KEY_UILaunchStoryboardName = LaunchScreen;
				INFOPLIST_KEY_UIMainStoryboardFile = Main;
				INFOPLIST_KEY_UISupportedInterfaceOrientations_iPad = "UIInterfaceOrientationPortrait UIInterfaceOrientationPortraitUpsideDown UIInterfaceOrientationLandscapeLeft UIInterfaceOrientationLandscapeRight";
				INFOPLIST_KEY_UISupportedInterfaceOrientations_iPhone = "UIInterfaceOrientationPortrait UIInterfaceOrientationLandscapeLeft UIInterfaceOrientationLandscapeRight";
				LD_RUNPATH_SEARCH_PATHS = (
					"$(inherited)",
					"@executable_path/Frameworks",
				);
				MARKETING_VERSION = 1.0;
				PRODUCT_BUNDLE_IDENTIFIER = "Vlad.Task-1";
				PRODUCT_NAME = "$(TARGET_NAME)";
				SWIFT_EMIT_LOC_STRINGS = YES;
				SWIFT_VERSION = 5.0;
				TARGETED_DEVICE_FAMILY = "1,2";
			};
			name = Debug;
		};
		F5BE3ABE28DDE900006E94C2 /* Release */ = {
			isa = XCBuildConfiguration;
			buildSettings = {
				ASSETCATALOG_COMPILER_APPICON_NAME = AppIcon;
				ASSETCATALOG_COMPILER_GLOBAL_ACCENT_COLOR_NAME = AccentColor;
				CODE_SIGN_STYLE = Automatic;
				CURRENT_PROJECT_VERSION = 1;
				GENERATE_INFOPLIST_FILE = YES;
				INFOPLIST_FILE = "Task 1/Info.plist";
				INFOPLIST_KEY_UIApplicationSupportsIndirectInputEvents = YES;
				INFOPLIST_KEY_UILaunchStoryboardName = LaunchScreen;
				INFOPLIST_KEY_UIMainStoryboardFile = Main;
				INFOPLIST_KEY_UISupportedInterfaceOrientations_iPad = "UIInterfaceOrientationPortrait UIInterfaceOrientationPortraitUpsideDown UIInterfaceOrientationLandscapeLeft UIInterfaceOrientationLandscapeRight";
				INFOPLIST_KEY_UISupportedInterfaceOrientations_iPhone = "UIInterfaceOrientationPortrait UIInterfaceOrientationLandscapeLeft UIInterfaceOrientationLandscapeRight";
				LD_RUNPATH_SEARCH_PATHS = (
					"$(inherited)",
					"@executable_path/Frameworks",
				);
				MARKETING_VERSION = 1.0;
				PRODUCT_BUNDLE_IDENTIFIER = "Vlad.Task-1";
				PRODUCT_NAME = "$(TARGET_NAME)";
				SWIFT_EMIT_LOC_STRINGS = YES;
				SWIFT_VERSION = 5.0;
				TARGETED_DEVICE_FAMILY = "1,2";
			};
			name = Release;
		};
		F5BE3AC028DDE900006E94C2 /* Debug */ = {
			isa = XCBuildConfiguration;
			buildSettings = {
				ALWAYS_EMBED_SWIFT_STANDARD_LIBRARIES = YES;
				BUNDLE_LOADER = "$(TEST_HOST)";
				CODE_SIGN_STYLE = Automatic;
				CURRENT_PROJECT_VERSION = 1;
				GENERATE_INFOPLIST_FILE = YES;
				IPHONEOS_DEPLOYMENT_TARGET = 15.5;
				MARKETING_VERSION = 1.0;
				PRODUCT_BUNDLE_IDENTIFIER = "Vlad.Task-1Tests";
				PRODUCT_NAME = "$(TARGET_NAME)";
				SWIFT_EMIT_LOC_STRINGS = NO;
				SWIFT_VERSION = 5.0;
				TARGETED_DEVICE_FAMILY = "1,2";
				TEST_HOST = "$(BUILT_PRODUCTS_DIR)/Task 1.app/Task 1";
			};
			name = Debug;
		};
		F5BE3AC128DDE900006E94C2 /* Release */ = {
			isa = XCBuildConfiguration;
			buildSettings = {
				ALWAYS_EMBED_SWIFT_STANDARD_LIBRARIES = YES;
				BUNDLE_LOADER = "$(TEST_HOST)";
				CODE_SIGN_STYLE = Automatic;
				CURRENT_PROJECT_VERSION = 1;
				GENERATE_INFOPLIST_FILE = YES;
				IPHONEOS_DEPLOYMENT_TARGET = 15.5;
				MARKETING_VERSION = 1.0;
				PRODUCT_BUNDLE_IDENTIFIER = "Vlad.Task-1Tests";
				PRODUCT_NAME = "$(TARGET_NAME)";
				SWIFT_EMIT_LOC_STRINGS = NO;
				SWIFT_VERSION = 5.0;
				TARGETED_DEVICE_FAMILY = "1,2";
				TEST_HOST = "$(BUILT_PRODUCTS_DIR)/Task 1.app/Task 1";
			};
			name = Release;
		};
		F5BE3AC328DDE900006E94C2 /* Debug */ = {
			isa = XCBuildConfiguration;
			buildSettings = {
				ALWAYS_EMBED_SWIFT_STANDARD_LIBRARIES = YES;
				CODE_SIGN_STYLE = Automatic;
				CURRENT_PROJECT_VERSION = 1;
				GENERATE_INFOPLIST_FILE = YES;
				MARKETING_VERSION = 1.0;
				PRODUCT_BUNDLE_IDENTIFIER = "Vlad.Task-1UITests";
				PRODUCT_NAME = "$(TARGET_NAME)";
				SWIFT_EMIT_LOC_STRINGS = NO;
				SWIFT_VERSION = 5.0;
				TARGETED_DEVICE_FAMILY = "1,2";
				TEST_TARGET_NAME = "Task 1";
			};
			name = Debug;
		};
		F5BE3AC428DDE900006E94C2 /* Release */ = {
			isa = XCBuildConfiguration;
			buildSettings = {
				ALWAYS_EMBED_SWIFT_STANDARD_LIBRARIES = YES;
				CODE_SIGN_STYLE = Automatic;
				CURRENT_PROJECT_VERSION = 1;
				GENERATE_INFOPLIST_FILE = YES;
				MARKETING_VERSION = 1.0;
				PRODUCT_BUNDLE_IDENTIFIER = "Vlad.Task-1UITests";
				PRODUCT_NAME = "$(TARGET_NAME)";
				SWIFT_EMIT_LOC_STRINGS = NO;
				SWIFT_VERSION = 5.0;
				TARGETED_DEVICE_FAMILY = "1,2";
				TEST_TARGET_NAME = "Task 1";
			};
			name = Release;
		};
/* End XCBuildConfiguration section */

/* Begin XCConfigurationList section */
		F5BE3A8D28DDE8FE006E94C2 /* Build configuration list for PBXProject "Task 1" */ = {
			isa = XCConfigurationList;
			buildConfigurations = (
				F5BE3ABA28DDE900006E94C2 /* Debug */,
				F5BE3ABB28DDE900006E94C2 /* Release */,
			);
			defaultConfigurationIsVisible = 0;
			defaultConfigurationName = Release;
		};
		F5BE3ABC28DDE900006E94C2 /* Build configuration list for PBXNativeTarget "Task 1" */ = {
			isa = XCConfigurationList;
			buildConfigurations = (
				F5BE3ABD28DDE900006E94C2 /* Debug */,
				F5BE3ABE28DDE900006E94C2 /* Release */,
			);
			defaultConfigurationIsVisible = 0;
			defaultConfigurationName = Release;
		};
		F5BE3ABF28DDE900006E94C2 /* Build configuration list for PBXNativeTarget "Task 1Tests" */ = {
			isa = XCConfigurationList;
			buildConfigurations = (
				F5BE3AC028DDE900006E94C2 /* Debug */,
				F5BE3AC128DDE900006E94C2 /* Release */,
			);
			defaultConfigurationIsVisible = 0;
			defaultConfigurationName = Release;
		};
		F5BE3AC228DDE900006E94C2 /* Build configuration list for PBXNativeTarget "Task 1UITests" */ = {
			isa = XCConfigurationList;
			buildConfigurations = (
				F5BE3AC328DDE900006E94C2 /* Debug */,
				F5BE3AC428DDE900006E94C2 /* Release */,
			);
			defaultConfigurationIsVisible = 0;
			defaultConfigurationName = Release;
		};
/* End XCConfigurationList section */
	};
	rootObject = F5BE3A8A28DDE8FE006E94C2 /* Project object */;
}
